<?xml version="1.0" encoding="utf-8"?>
<Project ToolsVersion="17.0" xmlns="http://schemas.microsoft.com/developer/msbuild/2003">
  <ItemGroup>
    <ClCompile Include="E:\code\cpeject\test_mooc-clin\src\ValueRange\ValueRange.c">
      <Filter>Source Files</Filter>
    </ClCompile>
    <ClCompile Include="E:\code\cpeject\test_mooc-clin\src\cjson\cJSON.c">
      <Filter>Source Files</Filter>
    </ClCompile>
    <ClCompile Include="E:\code\cpeject\test_mooc-clin\src\common.c">
      <Filter>Source Files</Filter>
    </ClCompile>
    <ClCompile Include="E:\code\cpeject\test_mooc-clin\src\gobject\gobject.c">
      <Filter>Source Files</Filter>
    </ClCompile>
    <ClCompile Include="E:\code\cpeject\test_mooc-clin\src\list\Stack.c">
      <Filter>Source Files</Filter>
    </ClCompile>
    <ClCompile Include="E:\code\cpeject\test_mooc-clin\src\list\deque.c">
      <Filter>Source Files</Filter>
    </ClCompile>
    <ClCompile Include="E:\code\cpeject\test_mooc-clin\src\list\list.c">
      <Filter>Source Files</Filter>
    </ClCompile>
    <ClCompile Include="E:\code\cpeject\test_mooc-clin\src\list\skiplist.c">
      <Filter>Source Files</Filter>
    </ClCompile>
    <ClCompile Include="E:\code\cpeject\test_mooc-clin\src\main.c">
      <Filter>Source Files</Filter>
    </ClCompile>
    <ClCompile Include="E:\code\cpeject\test_mooc-clin\src\mapset\hashmap.c">
      <Filter>Source Files</Filter>
    </ClCompile>
    <ClCompile Include="E:\code\cpeject\test_mooc-clin\src\mapset\mapset.c">
      <Filter>Source Files</Filter>
    </ClCompile>
    <ClCompile Include="E:\code\cpeject\test_mooc-clin\src\mapset\multimap.c">
      <Filter>Source Files</Filter>
    </ClCompile>
    <ClCompile Include="E:\code\cpeject\test_mooc-clin\src\math\add.c">
      <Filter>Source Files</Filter>
    </ClCompile>
    <ClCompile Include="E:\code\cpeject\test_mooc-clin\src\math\math.c">
      <Filter>Source Files</Filter>
    </ClCompile>
    <ClCompile Include="E:\code\cpeject\test_mooc-clin\src\math\multiply.c">
      <Filter>Source Files</Filter>
    </ClCompile>
    <ClCompile Include="E:\code\cpeject\test_mooc-clin\src\math\subtract.c">
      <Filter>Source Files</Filter>
    </ClCompile>
    <ClCompile Include="E:\code\cpeject\test_mooc-clin\src\mempool\mempool.c">
      <Filter>Source Files</Filter>
    </ClCompile>
    <ClCompile Include="E:\code\cpeject\test_mooc-clin\src\person_common.c">
      <Filter>Source Files</Filter>
    </ClCompile>
    <ClCompile Include="E:\code\cpeject\test_mooc-clin\src\test_leetecode\test_leetecode.c">
      <Filter>Source Files</Filter>
    </ClCompile>
    <ClCompile Include="E:\code\cpeject\test_mooc-clin\src\threadpool\threadpool.c">
      <Filter>Source Files</Filter>
    </ClCompile>
    <ClCompile Include="E:\code\cpeject\test_mooc-clin\src\utils\utils.c">
      <Filter>Source Files</Filter>
    </ClCompile>
    <ClCompile Include="E:\code\cpeject\test_mooc-clin\src\vector\game.c">
      <Filter>Source Files</Filter>
    </ClCompile>
    <ClCompile Include="E:\code\cpeject\test_mooc-clin\src\vector\vector.c">
      <Filter>Source Files</Filter>
    </ClCompile>
  </ItemGroup>
  <ItemGroup>
    <CustomBuild Include="E:\code\cpeject\test_mooc-clin\CMakeLists.txt" />
  </ItemGroup>
  <ItemGroup>
    <Filter Include="Source Files">
      <UniqueIdentifier>{938C707F-3795-3AD2-B79F-BFFEBCAA2C61}</UniqueIdentifier>
    </Filter>
  </ItemGroup>
</Project>
